
Microsoft Visual Studio Solution File, Format Version 12.00
# Visual Studio 2013
VisualStudioVersion = 12.0.21005.1
MinimumVisualStudioVersion = 10.0.40219.1
Project("{FAE04EC0-301F-11D3-BF4B-00C04F79EFBC}") = "LatLon.Contracts", "LatLon.Contracts\LatLon.Contracts.csproj", "{A48ED58C-9505-44C2-9DCD-ABE9E25276B7}"
EndProject
Project("{FAE04EC0-301F-11D3-BF4B-00C04F79EFBC}") = "LatLon.Services", "LatLon.Services\LatLon.Services.csproj", "{CD2A1F17-1332-4BDC-A4D9-F54D3AECC675}"
EndProject
Project("{FAE04EC0-301F-11D3-BF4B-00C04F79EFBC}") = "LatLon.ConsoleClient", "LatLon.ConsoleClient\LatLon.ConsoleClient.csproj", "{473FA167-1F82-4E1A-B8E7-0E68D13B3E26}"
EndProject
Project("{FAE04EC0-301F-11D3-BF4B-00C04F79EFBC}") = "LatLon.ConsoleServiceHost", "LatLon.ConsoleServiceHost\LatLon.ConsoleServiceHost.csproj", "{CCAE0142-39AC-405B-B4C2-28C51C7A3AD4}"
EndProject
Project("{FAE04EC0-301F-11D3-BF4B-00C04F79EFBC}") = "LatLon.ConsoleServiceClient", "LatLon.ConsoleServiceClient\LatLon.ConsoleServiceClient.csproj", "{6640D50A-FCCB-4DEC-9EBC-05EE4D47F579}"
	ProjectSection(ProjectDependencies) = postProject
		{9A67B282-C397-47CD-A084-B59697469597} = {9A67B282-C397-47CD-A084-B59697469597}
	EndProjectSection
EndProject
Project("{FAE04EC0-301F-11D3-BF4B-00C04F79EFBC}") = "LatLon.WebServiceHost", "LatLon.WebServiceHost\LatLon.WebServiceHost.csproj", "{9A67B282-C397-47CD-A084-B59697469597}"
EndProject
Project("{CC5FD16D-436D-48AD-A40C-5A424C6E3E79}") = "LatLon.CloudService", "LatLon.CloudService\LatLon.CloudService.ccproj", "{D9B120DE-68D0-4683-9E00-F4B16AFBA6E4}"
EndProject
Project("{FAE04EC0-301F-11D3-BF4B-00C04F79EFBC}") = "LatLon.WebRoleServiceHost", "LatLon.WebRoleServiceHost\LatLon.WebRoleServiceHost.csproj", "{58F46B7E-4242-4B48-9AFD-BBE590694750}"
EndProject
Project("{FAE04EC0-301F-11D3-BF4B-00C04F79EFBC}") = "LatLon.Windows81Client", "LatLon.Windows81Client\LatLon.Windows81Client.csproj", "{444F6C60-E123-49C8-A8D1-65C1AF73B1FF}"
EndProject
Global
	GlobalSection(SolutionConfigurationPlatforms) = preSolution
		Debug|Any CPU = Debug|Any CPU
		Debug|ARM = Debug|ARM
		Debug|x64 = Debug|x64
		Debug|x86 = Debug|x86
		Release|Any CPU = Release|Any CPU
		Release|ARM = Release|ARM
		Release|x64 = Release|x64
		Release|x86 = Release|x86
	EndGlobalSection
	GlobalSection(ProjectConfigurationPlatforms) = postSolution
		{A48ED58C-9505-44C2-9DCD-ABE9E25276B7}.Debug|Any CPU.ActiveCfg = Debug|Any CPU
		{A48ED58C-9505-44C2-9DCD-ABE9E25276B7}.Debug|Any CPU.Build.0 = Debug|Any CPU
		{A48ED58C-9505-44C2-9DCD-ABE9E25276B7}.Debug|ARM.ActiveCfg = Debug|Any CPU
		{A48ED58C-9505-44C2-9DCD-ABE9E25276B7}.Debug|x64.ActiveCfg = Debug|Any CPU
		{A48ED58C-9505-44C2-9DCD-ABE9E25276B7}.Debug|x86.ActiveCfg = Debug|Any CPU
		{A48ED58C-9505-44C2-9DCD-ABE9E25276B7}.Release|Any CPU.ActiveCfg = Release|Any CPU
		{A48ED58C-9505-44C2-9DCD-ABE9E25276B7}.Release|Any CPU.Build.0 = Release|Any CPU
		{A48ED58C-9505-44C2-9DCD-ABE9E25276B7}.Release|ARM.ActiveCfg = Release|Any CPU
		{A48ED58C-9505-44C2-9DCD-ABE9E25276B7}.Release|x64.ActiveCfg = Release|Any CPU
		{A48ED58C-9505-44C2-9DCD-ABE9E25276B7}.Release|x86.ActiveCfg = Release|Any CPU
		{CD2A1F17-1332-4BDC-A4D9-F54D3AECC675}.Debug|Any CPU.ActiveCfg = Debug|Any CPU
		{CD2A1F17-1332-4BDC-A4D9-F54D3AECC675}.Debug|Any CPU.Build.0 = Debug|Any CPU
		{CD2A1F17-1332-4BDC-A4D9-F54D3AECC675}.Debug|ARM.ActiveCfg = Debug|Any CPU
		{CD2A1F17-1332-4BDC-A4D9-F54D3AECC675}.Debug|x64.ActiveCfg = Debug|Any CPU
		{CD2A1F17-1332-4BDC-A4D9-F54D3AECC675}.Debug|x86.ActiveCfg = Debug|Any CPU
		{CD2A1F17-1332-4BDC-A4D9-F54D3AECC675}.Release|Any CPU.ActiveCfg = Release|Any CPU
		{CD2A1F17-1332-4BDC-A4D9-F54D3AECC675}.Release|Any CPU.Build.0 = Release|Any CPU
		{CD2A1F17-1332-4BDC-A4D9-F54D3AECC675}.Release|ARM.ActiveCfg = Release|Any CPU
		{CD2A1F17-1332-4BDC-A4D9-F54D3AECC675}.Release|x64.ActiveCfg = Release|Any CPU
		{CD2A1F17-1332-4BDC-A4D9-F54D3AECC675}.Release|x86.ActiveCfg = Release|Any CPU
		{473FA167-1F82-4E1A-B8E7-0E68D13B3E26}.Debug|Any CPU.ActiveCfg = Debug|Any CPU
		{473FA167-1F82-4E1A-B8E7-0E68D13B3E26}.Debug|Any CPU.Build.0 = Debug|Any CPU
		{473FA167-1F82-4E1A-B8E7-0E68D13B3E26}.Debug|ARM.ActiveCfg = Debug|Any CPU
		{473FA167-1F82-4E1A-B8E7-0E68D13B3E26}.Debug|x64.ActiveCfg = Debug|Any CPU
		{473FA167-1F82-4E1A-B8E7-0E68D13B3E26}.Debug|x86.ActiveCfg = Debug|Any CPU
		{473FA167-1F82-4E1A-B8E7-0E68D13B3E26}.Release|Any CPU.ActiveCfg = Release|Any CPU
		{473FA167-1F82-4E1A-B8E7-0E68D13B3E26}.Release|Any CPU.Build.0 = Release|Any CPU
		{473FA167-1F82-4E1A-B8E7-0E68D13B3E26}.Release|ARM.ActiveCfg = Release|Any CPU
		{473FA167-1F82-4E1A-B8E7-0E68D13B3E26}.Release|x64.ActiveCfg = Release|Any CPU
		{473FA167-1F82-4E1A-B8E7-0E68D13B3E26}.Release|x86.ActiveCfg = Release|Any CPU
		{CCAE0142-39AC-405B-B4C2-28C51C7A3AD4}.Debug|Any CPU.ActiveCfg = Debug|Any CPU
		{CCAE0142-39AC-405B-B4C2-28C51C7A3AD4}.Debug|Any CPU.Build.0 = Debug|Any CPU
		{CCAE0142-39AC-405B-B4C2-28C51C7A3AD4}.Debug|ARM.ActiveCfg = Debug|Any CPU
		{CCAE0142-39AC-405B-B4C2-28C51C7A3AD4}.Debug|x64.ActiveCfg = Debug|Any CPU
		{CCAE0142-39AC-405B-B4C2-28C51C7A3AD4}.Debug|x86.ActiveCfg = Debug|Any CPU
		{CCAE0142-39AC-405B-B4C2-28C51C7A3AD4}.Release|Any CPU.ActiveCfg = Release|Any CPU
		{CCAE0142-39AC-405B-B4C2-28C51C7A3AD4}.Release|Any CPU.Build.0 = Release|Any CPU
		{CCAE0142-39AC-405B-B4C2-28C51C7A3AD4}.Release|ARM.ActiveCfg = Release|Any CPU
		{CCAE0142-39AC-405B-B4C2-28C51C7A3AD4}.Release|x64.ActiveCfg = Release|Any CPU
		{CCAE0142-39AC-405B-B4C2-28C51C7A3AD4}.Release|x86.ActiveCfg = Release|Any CPU
		{6640D50A-FCCB-4DEC-9EBC-05EE4D47F579}.Debug|Any CPU.ActiveCfg = Debug|Any CPU
		{6640D50A-FCCB-4DEC-9EBC-05EE4D47F579}.Debug|Any CPU.Build.0 = Debug|Any CPU
		{6640D50A-FCCB-4DEC-9EBC-05EE4D47F579}.Debug|ARM.ActiveCfg = Debug|Any CPU
		{6640D50A-FCCB-4DEC-9EBC-05EE4D47F579}.Debug|x64.ActiveCfg = Debug|Any CPU
		{6640D50A-FCCB-4DEC-9EBC-05EE4D47F579}.Debug|x86.ActiveCfg = Debug|Any CPU
		{6640D50A-FCCB-4DEC-9EBC-05EE4D47F579}.Release|Any CPU.ActiveCfg = Release|Any CPU
		{6640D50A-FCCB-4DEC-9EBC-05EE4D47F579}.Release|Any CPU.Build.0 = Release|Any CPU
		{6640D50A-FCCB-4DEC-9EBC-05EE4D47F579}.Release|ARM.ActiveCfg = Release|Any CPU
		{6640D50A-FCCB-4DEC-9EBC-05EE4D47F579}.Release|x64.ActiveCfg = Release|Any CPU
		{6640D50A-FCCB-4DEC-9EBC-05EE4D47F579}.Release|x86.ActiveCfg = Release|Any CPU
		{9A67B282-C397-47CD-A084-B59697469597}.Debug|Any CPU.ActiveCfg = Debug|Any CPU
		{9A67B282-C397-47CD-A084-B59697469597}.Debug|Any CPU.Build.0 = Debug|Any CPU
		{9A67B282-C397-47CD-A084-B59697469597}.Debug|ARM.ActiveCfg = Debug|Any CPU
		{9A67B282-C397-47CD-A084-B59697469597}.Debug|x64.ActiveCfg = Debug|Any CPU
		{9A67B282-C397-47CD-A084-B59697469597}.Debug|x86.ActiveCfg = Debug|Any CPU
		{9A67B282-C397-47CD-A084-B59697469597}.Release|Any CPU.ActiveCfg = Release|Any CPU
		{9A67B282-C397-47CD-A084-B59697469597}.Release|Any CPU.Build.0 = Release|Any CPU
		{9A67B282-C397-47CD-A084-B59697469597}.Release|ARM.ActiveCfg = Release|Any CPU
		{9A67B282-C397-47CD-A084-B59697469597}.Release|x64.ActiveCfg = Release|Any CPU
		{9A67B282-C397-47CD-A084-B59697469597}.Release|x86.ActiveCfg = Release|Any CPU
		{D9B120DE-68D0-4683-9E00-F4B16AFBA6E4}.Debug|Any CPU.ActiveCfg = Debug|Any CPU
		{D9B120DE-68D0-4683-9E00-F4B16AFBA6E4}.Debug|Any CPU.Build.0 = Debug|Any CPU
		{D9B120DE-68D0-4683-9E00-F4B16AFBA6E4}.Debug|ARM.ActiveCfg = Debug|Any CPU
		{D9B120DE-68D0-4683-9E00-F4B16AFBA6E4}.Debug|x64.ActiveCfg = Debug|Any CPU
		{D9B120DE-68D0-4683-9E00-F4B16AFBA6E4}.Debug|x86.ActiveCfg = Debug|Any CPU
		{D9B120DE-68D0-4683-9E00-F4B16AFBA6E4}.Release|Any CPU.ActiveCfg = Release|Any CPU
		{D9B120DE-68D0-4683-9E00-F4B16AFBA6E4}.Release|Any CPU.Build.0 = Release|Any CPU
		{D9B120DE-68D0-4683-9E00-F4B16AFBA6E4}.Release|ARM.ActiveCfg = Release|Any CPU
		{D9B120DE-68D0-4683-9E00-F4B16AFBA6E4}.Release|x64.ActiveCfg = Release|Any CPU
		{D9B120DE-68D0-4683-9E00-F4B16AFBA6E4}.Release|x86.ActiveCfg = Release|Any CPU
		{58F46B7E-4242-4B48-9AFD-BBE590694750}.Debug|Any CPU.ActiveCfg = Debug|Any CPU
		{58F46B7E-4242-4B48-9AFD-BBE590694750}.Debug|Any CPU.Build.0 = Debug|Any CPU
		{58F46B7E-4242-4B48-9AFD-BBE590694750}.Debug|ARM.ActiveCfg = Debug|Any CPU
		{58F46B7E-4242-4B48-9AFD-BBE590694750}.Debug|x64.ActiveCfg = Debug|Any CPU
		{58F46B7E-4242-4B48-9AFD-BBE590694750}.Debug|x86.ActiveCfg = Debug|Any CPU
		{58F46B7E-4242-4B48-9AFD-BBE590694750}.Release|Any CPU.ActiveCfg = Release|Any CPU
		{58F46B7E-4242-4B48-9AFD-BBE590694750}.Release|Any CPU.Build.0 = Release|Any CPU
		{58F46B7E-4242-4B48-9AFD-BBE590694750}.Release|ARM.ActiveCfg = Release|Any CPU
		{58F46B7E-4242-4B48-9AFD-BBE590694750}.Release|x64.ActiveCfg = Release|Any CPU
		{58F46B7E-4242-4B48-9AFD-BBE590694750}.Release|x86.ActiveCfg = Release|Any CPU
		{444F6C60-E123-49C8-A8D1-65C1AF73B1FF}.Debug|Any CPU.ActiveCfg = Debug|Any CPU
		{444F6C60-E123-49C8-A8D1-65C1AF73B1FF}.Debug|Any CPU.Build.0 = Debug|Any CPU
		{444F6C60-E123-49C8-A8D1-65C1AF73B1FF}.Debug|Any CPU.Deploy.0 = Debug|Any CPU
		{444F6C60-E123-49C8-A8D1-65C1AF73B1FF}.Debug|ARM.ActiveCfg = Debug|ARM
		{444F6C60-E123-49C8-A8D1-65C1AF73B1FF}.Debug|ARM.Build.0 = Debug|ARM
		{444F6C60-E123-49C8-A8D1-65C1AF73B1FF}.Debug|ARM.Deploy.0 = Debug|ARM
		{444F6C60-E123-49C8-A8D1-65C1AF73B1FF}.Debug|x64.ActiveCfg = Debug|x64
		{444F6C60-E123-49C8-A8D1-65C1AF73B1FF}.Debug|x64.Build.0 = Debug|x64
		{444F6C60-E123-49C8-A8D1-65C1AF73B1FF}.Debug|x64.Deploy.0 = Debug|x64
		{444F6C60-E123-49C8-A8D1-65C1AF73B1FF}.Debug|x86.ActiveCfg = Debug|x86
		{444F6C60-E123-49C8-A8D1-65C1AF73B1FF}.Debug|x86.Build.0 = Debug|x86
		{444F6C60-E123-49C8-A8D1-65C1AF73B1FF}.Debug|x86.Deploy.0 = Debug|x86
		{444F6C60-E123-49C8-A8D1-65C1AF73B1FF}.Release|Any CPU.ActiveCfg = Release|Any CPU
		{444F6C60-E123-49C8-A8D1-65C1AF73B1FF}.Release|Any CPU.Build.0 = Release|Any CPU
		{444F6C60-E123-49C8-A8D1-65C1AF73B1FF}.Release|Any CPU.Deploy.0 = Release|Any CPU
		{444F6C60-E123-49C8-A8D1-65C1AF73B1FF}.Release|ARM.ActiveCfg = Release|ARM
		{444F6C60-E123-49C8-A8D1-65C1AF73B1FF}.Release|ARM.Build.0 = Release|ARM
		{444F6C60-E123-49C8-A8D1-65C1AF73B1FF}.Release|ARM.Deploy.0 = Release|ARM
		{444F6C60-E123-49C8-A8D1-65C1AF73B1FF}.Release|x64.ActiveCfg = Release|x64
		{444F6C60-E123-49C8-A8D1-65C1AF73B1FF}.Release|x64.Build.0 = Release|x64
		{444F6C60-E123-49C8-A8D1-65C1AF73B1FF}.Release|x64.Deploy.0 = Release|x64
		{444F6C60-E123-49C8-A8D1-65C1AF73B1FF}.Release|x86.ActiveCfg = Release|x86
		{444F6C60-E123-49C8-A8D1-65C1AF73B1FF}.Release|x86.Build.0 = Release|x86
		{444F6C60-E123-49C8-A8D1-65C1AF73B1FF}.Release|x86.Deploy.0 = Release|x86
	EndGlobalSection
	GlobalSection(SolutionProperties) = preSolution
		HideSolutionNode = FALSE
	EndGlobalSection
EndGlobal
